{
  "name": "@openmastery/curriculum",
  "version": "0.1.0",
  "lockfileVersion": 3,
  "requires": true,
  "packages": {
    "": {
      "name": "@openmastery/curriculum",
      "version": "0.1.0",
      "license": "CC-BY-4.0",
      "devDependencies": {
        "@openmastery/schema": "file:../schema"
      }
    },
    "../schema": {
      "name": "@openmastery/schema",
      "version": "0.1.0",
      "dev": true,
      "license": "MIT",
      "dependencies": {
        "yaml": "^2.5.0",
        "zod": "^4.0.0"
      },
      "bin": {
        "openmastery-validate": "bin/validate.ts"
      },
      "devDependencies": {
        "@types/node": "^24.0.0",
        "fast-check": "^4.0.0",
        "typescript": "^5.6.0",
        "vitest": "^3.0.0"
      }
    },
    "node_modules/@openmastery/schema": {
      "resolved": "../schema",
      "link": true
    }
  }
}
